{
  "name": "learning_node",
  "version": "1.0.0",
  "lockfileVersion": 1,
  "requires": true,
  "dependencies": {
    "async": {
      "version": "3.2.0",
      "resolved": "https://registry.npmjs.org/async/-/async-3.2.0.tgz",
      "integrity": "sha512-TR2mEZFVOj2pLStYxLht7TyfuRzaydfpxr3k9RpHIzMgw7A64dzsdqCxH1WJyQdoe8T10nDXd9wnEigmiuHIZw=="
    },
    "inputcheck-betr": {
      "version": "1.0.0",
      "resolved": "https://registry.npmjs.org/inputcheck-betr/-/inputcheck-betr-1.0.0.tgz",
      "integrity": "sha512-4GFVzMgobweH7nY+KFkS5rkGWvGo469wR0YYAJpgRkEsigeiUssjtd1D2EcUI1pItlkP6TdGzYBYu1q0jGGnjQ=="
    }
  }
}
